
Microsoft Visual Studio Solution File, Format Version 12.00
# Visual Studio Version 16
VisualStudioVersion = 16.0.28803.352
MinimumVisualStudioVersion = 10.0.40219.1
Project("{FAE04EC0-301F-11D3-BF4B-00C04F79EFBC}") = "UnitConversionAPI", "UnitConversionAPI\UnitConversionAPI.csproj", "{1060C112-5D85-40F2-B64F-CD7B266300A3}"
EndProject
Global
	GlobalSection(SolutionConfigurationPlatforms) = preSolution
		Debug|Any CPU = Debug|Any CPU
		Release|Any CPU = Release|Any CPU
	EndGlobalSection
	GlobalSection(ProjectConfigurationPlatforms) = postSolution
		{1060C112-5D85-40F2-B64F-CD7B266300A3}.Debug|Any CPU.ActiveCfg = Debug|Any CPU
		{1060C112-5D85-40F2-B64F-CD7B266300A3}.Debug|Any CPU.Build.0 = Debug|Any CPU
		{1060C112-5D85-40F2-B64F-CD7B266300A3}.Release|Any CPU.ActiveCfg = Release|Any CPU
		{1060C112-5D85-40F2-B64F-CD7B266300A3}.Release|Any CPU.Build.0 = Release|Any CPU
	EndGlobalSection
	GlobalSection(SolutionProperties) = preSolution
		HideSolutionNode = FALSE
	EndGlobalSection
	GlobalSection(ExtensibilityGlobals) = postSolution
		SolutionGuid = {85819D69-541C-4B89-9AA1-E3F32A5F6675}
	EndGlobalSection
EndGlobal
